
Microsoft Visual Studio Solution File, Format Version 12.00
# Visual Studio Version 17
VisualStudioVersion = 17.13.36105.23 d17.13
MinimumVisualStudioVersion = 10.0.40219.1
Project("{FAE04EC0-301F-11D3-BF4B-00C04F79EFBC}") = "PCMSWebApi", "PCMSWebApi\PCMSWebApi.csproj", "{4AF32178-04E1-4C88-A2E7-8DFD0A7AE93B}"
EndProject
Global
	GlobalSection(SolutionConfigurationPlatforms) = preSolution
		Debug|Any CPU = Debug|Any CPU
		Release|Any CPU = Release|Any CPU
	EndGlobalSection
	GlobalSection(ProjectConfigurationPlatforms) = postSolution
		{4AF32178-04E1-4C88-A2E7-8DFD0A7AE93B}.Debug|Any CPU.ActiveCfg = Debug|Any CPU
		{4AF32178-04E1-4C88-A2E7-8DFD0A7AE93B}.Debug|Any CPU.Build.0 = Debug|Any CPU
		{4AF32178-04E1-4C88-A2E7-8DFD0A7AE93B}.Release|Any CPU.ActiveCfg = Release|Any CPU
		{4AF32178-04E1-4C88-A2E7-8DFD0A7AE93B}.Release|Any CPU.Build.0 = Release|Any CPU
	EndGlobalSection
	GlobalSection(SolutionProperties) = preSolution
		HideSolutionNode = FALSE
	EndGlobalSection
	GlobalSection(ExtensibilityGlobals) = postSolution
		SolutionGuid = {CB3316C2-D6F8-46C4-9A77-5653EEB2E079}
	EndGlobalSection
EndGlobal
